
Microsoft Visual Studio Solution File, Format Version 12.00
# Visual Studio Version 17
VisualStudioVersion = 17.5.33502.453
MinimumVisualStudioVersion = 10.0.40219.1
Project("{FAE04EC0-301F-11D3-BF4B-00C04F79EFBC}") = "Project.MVC", "Project.MVC\Project.MVC.csproj", "{5ECEB796-057A-4BC7-B489-F19723822484}"
EndProject
Project("{FAE04EC0-301F-11D3-BF4B-00C04F79EFBC}") = "Project.Service", "Project.Service\Project.Service.csproj", "{C0770E2D-371D-49A1-AD5B-C19CC9AB53E8}"
EndProject
Global
	GlobalSection(SolutionConfigurationPlatforms) = preSolution
		Debug|Any CPU = Debug|Any CPU
		Release|Any CPU = Release|Any CPU
	EndGlobalSection
	GlobalSection(ProjectConfigurationPlatforms) = postSolution
		{5ECEB796-057A-4BC7-B489-F19723822484}.Debug|Any CPU.ActiveCfg = Debug|Any CPU
		{5ECEB796-057A-4BC7-B489-F19723822484}.Debug|Any CPU.Build.0 = Debug|Any CPU
		{5ECEB796-057A-4BC7-B489-F19723822484}.Release|Any CPU.ActiveCfg = Release|Any CPU
		{5ECEB796-057A-4BC7-B489-F19723822484}.Release|Any CPU.Build.0 = Release|Any CPU
		{C0770E2D-371D-49A1-AD5B-C19CC9AB53E8}.Debug|Any CPU.ActiveCfg = Debug|Any CPU
		{C0770E2D-371D-49A1-AD5B-C19CC9AB53E8}.Debug|Any CPU.Build.0 = Debug|Any CPU
		{C0770E2D-371D-49A1-AD5B-C19CC9AB53E8}.Release|Any CPU.ActiveCfg = Release|Any CPU
		{C0770E2D-371D-49A1-AD5B-C19CC9AB53E8}.Release|Any CPU.Build.0 = Release|Any CPU
	EndGlobalSection
	GlobalSection(SolutionProperties) = preSolution
		HideSolutionNode = FALSE
	EndGlobalSection
	GlobalSection(ExtensibilityGlobals) = postSolution
		SolutionGuid = {CAAD7F5C-7EF2-4C0C-A3C3-D5A981B1ECA9}
	EndGlobalSection
EndGlobal
